
Microsoft Visual Studio Solution File, Format Version 12.00
# Visual Studio Version 17
VisualStudioVersion = 17.0.31717.71
MinimumVisualStudioVersion = 10.0.40219.1
Project("{9A19103F-16F7-4668-BE54-9A1E7A4F7556}") = "Media.Metadata.Console", "Media.Metadata.Console\Media.Metadata.Console.csproj", "{EE2CB256-833E-4A49-81DA-334B2787DC33}"
EndProject
Project("{2150E333-8FDC-42A3-9474-1A3956D46DE8}") = "Solution Items", "Solution Items", "{0492A1D5-C62B-4630-A51B-85E531AB53D2}"
	ProjectSection(SolutionItems) = preProject
		.editorconfig = .editorconfig
		.gitignore = .gitignore
		Directory.Build.props = Directory.Build.props
		LICENSE = LICENSE
		README.md = README.md
	EndProjectSection
EndProject
Project("{9A19103F-16F7-4668-BE54-9A1E7A4F7556}") = "Media.Metadata.Mp4v2", "Media.Metadata.Mp4v2\Media.Metadata.Mp4v2.csproj", "{5769648D-4328-4C1B-A181-8D02130183CF}"
EndProject
Project("{9A19103F-16F7-4668-BE54-9A1E7A4F7556}") = "Media.Metadata.Core", "Media.Metadata.Core\Media.Metadata.Core.csproj", "{F907DE4E-A2A0-4F37-AC4A-165A8A1B313A}"
EndProject
Project("{9A19103F-16F7-4668-BE54-9A1E7A4F7556}") = "Media.Metadata.TMDb", "Media.Metadata.TMDb\Media.Metadata.TMDb.csproj", "{AF42E82E-B3A3-4C22-80E5-1A48200E2A22}"
EndProject
Project("{9A19103F-16F7-4668-BE54-9A1E7A4F7556}") = "Media.Metadata.TheTVDB", "Media.Metadata.TheTVDB\Media.Metadata.TheTVDB.csproj", "{9779DD3F-90C9-46E1-BF99-EDFB2EFA5148}"
EndProject
Project("{C7167F0D-BC9F-4E6E-AFE1-012C56B48DB5}") = "Media.Metadata (Package)", "Media.Metadata\Media.Metadata (Package)\Media.Metadata (Package).wapproj", "{76206203-FA6C-4301-9008-4F918BA246B4}"
EndProject
Project("{9A19103F-16F7-4668-BE54-9A1E7A4F7556}") = "Media.Metadata", "Media.Metadata\Media.Metadata\Media.Metadata.csproj", "{D19BDC6F-6615-401B-ACEA-5FEAC48D2434}"
EndProject
Project("{2150E333-8FDC-42A3-9474-1A3956D46DE8}") = "Media.Metadata", "Media.Metadata", "{A5FD4119-4141-4BD7-B665-850F93CF8F98}"
EndProject
Global
	GlobalSection(SolutionConfigurationPlatforms) = preSolution
		Debug|Any CPU = Debug|Any CPU
		Debug|arm64 = Debug|arm64
		Debug|x64 = Debug|x64
		Debug|x86 = Debug|x86
		Release|Any CPU = Release|Any CPU
		Release|arm64 = Release|arm64
		Release|x64 = Release|x64
		Release|x86 = Release|x86
	EndGlobalSection
	GlobalSection(ProjectConfigurationPlatforms) = postSolution
		{EE2CB256-833E-4A49-81DA-334B2787DC33}.Debug|Any CPU.ActiveCfg = Debug|Any CPU
		{EE2CB256-833E-4A49-81DA-334B2787DC33}.Debug|Any CPU.Build.0 = Debug|Any CPU
		{EE2CB256-833E-4A49-81DA-334B2787DC33}.Debug|arm64.ActiveCfg = Debug|Any CPU
		{EE2CB256-833E-4A49-81DA-334B2787DC33}.Debug|arm64.Build.0 = Debug|Any CPU
		{EE2CB256-833E-4A49-81DA-334B2787DC33}.Debug|x64.ActiveCfg = Debug|Any CPU
		{EE2CB256-833E-4A49-81DA-334B2787DC33}.Debug|x64.Build.0 = Debug|Any CPU
		{EE2CB256-833E-4A49-81DA-334B2787DC33}.Debug|x86.ActiveCfg = Debug|Any CPU
		{EE2CB256-833E-4A49-81DA-334B2787DC33}.Debug|x86.Build.0 = Debug|Any CPU
		{EE2CB256-833E-4A49-81DA-334B2787DC33}.Release|Any CPU.ActiveCfg = Release|Any CPU
		{EE2CB256-833E-4A49-81DA-334B2787DC33}.Release|Any CPU.Build.0 = Release|Any CPU
		{EE2CB256-833E-4A49-81DA-334B2787DC33}.Release|arm64.ActiveCfg = Release|Any CPU
		{EE2CB256-833E-4A49-81DA-334B2787DC33}.Release|arm64.Build.0 = Release|Any CPU
		{EE2CB256-833E-4A49-81DA-334B2787DC33}.Release|x64.ActiveCfg = Release|Any CPU
		{EE2CB256-833E-4A49-81DA-334B2787DC33}.Release|x64.Build.0 = Release|Any CPU
		{EE2CB256-833E-4A49-81DA-334B2787DC33}.Release|x86.ActiveCfg = Release|Any CPU
		{EE2CB256-833E-4A49-81DA-334B2787DC33}.Release|x86.Build.0 = Release|Any CPU
		{5769648D-4328-4C1B-A181-8D02130183CF}.Debug|Any CPU.ActiveCfg = Debug|Any CPU
		{5769648D-4328-4C1B-A181-8D02130183CF}.Debug|Any CPU.Build.0 = Debug|Any CPU
		{5769648D-4328-4C1B-A181-8D02130183CF}.Debug|arm64.ActiveCfg = Debug|Any CPU
		{5769648D-4328-4C1B-A181-8D02130183CF}.Debug|arm64.Build.0 = Debug|Any CPU
		{5769648D-4328-4C1B-A181-8D02130183CF}.Debug|x64.ActiveCfg = Debug|Any CPU
		{5769648D-4328-4C1B-A181-8D02130183CF}.Debug|x64.Build.0 = Debug|Any CPU
		{5769648D-4328-4C1B-A181-8D02130183CF}.Debug|x86.ActiveCfg = Debug|Any CPU
		{5769648D-4328-4C1B-A181-8D02130183CF}.Debug|x86.Build.0 = Debug|Any CPU
		{5769648D-4328-4C1B-A181-8D02130183CF}.Release|Any CPU.ActiveCfg = Release|Any CPU
		{5769648D-4328-4C1B-A181-8D02130183CF}.Release|Any CPU.Build.0 = Release|Any CPU
		{5769648D-4328-4C1B-A181-8D02130183CF}.Release|arm64.ActiveCfg = Release|Any CPU
		{5769648D-4328-4C1B-A181-8D02130183CF}.Release|arm64.Build.0 = Release|Any CPU
		{5769648D-4328-4C1B-A181-8D02130183CF}.Release|x64.ActiveCfg = Release|Any CPU
		{5769648D-4328-4C1B-A181-8D02130183CF}.Release|x64.Build.0 = Release|Any CPU
		{5769648D-4328-4C1B-A181-8D02130183CF}.Release|x86.ActiveCfg = Release|Any CPU
		{5769648D-4328-4C1B-A181-8D02130183CF}.Release|x86.Build.0 = Release|Any CPU
		{F907DE4E-A2A0-4F37-AC4A-165A8A1B313A}.Debug|Any CPU.ActiveCfg = Debug|Any CPU
		{F907DE4E-A2A0-4F37-AC4A-165A8A1B313A}.Debug|Any CPU.Build.0 = Debug|Any CPU
		{F907DE4E-A2A0-4F37-AC4A-165A8A1B313A}.Debug|arm64.ActiveCfg = Debug|Any CPU
		{F907DE4E-A2A0-4F37-AC4A-165A8A1B313A}.Debug|arm64.Build.0 = Debug|Any CPU
		{F907DE4E-A2A0-4F37-AC4A-165A8A1B313A}.Debug|x64.ActiveCfg = Debug|Any CPU
		{F907DE4E-A2A0-4F37-AC4A-165A8A1B313A}.Debug|x64.Build.0 = Debug|Any CPU
		{F907DE4E-A2A0-4F37-AC4A-165A8A1B313A}.Debug|x86.ActiveCfg = Debug|Any CPU
		{F907DE4E-A2A0-4F37-AC4A-165A8A1B313A}.Debug|x86.Build.0 = Debug|Any CPU
		{F907DE4E-A2A0-4F37-AC4A-165A8A1B313A}.Release|Any CPU.ActiveCfg = Release|Any CPU
		{F907DE4E-A2A0-4F37-AC4A-165A8A1B313A}.Release|Any CPU.Build.0 = Release|Any CPU
		{F907DE4E-A2A0-4F37-AC4A-165A8A1B313A}.Release|arm64.ActiveCfg = Release|Any CPU
		{F907DE4E-A2A0-4F37-AC4A-165A8A1B313A}.Release|arm64.Build.0 = Release|Any CPU
		{F907DE4E-A2A0-4F37-AC4A-165A8A1B313A}.Release|x64.ActiveCfg = Release|Any CPU
		{F907DE4E-A2A0-4F37-AC4A-165A8A1B313A}.Release|x64.Build.0 = Release|Any CPU
		{F907DE4E-A2A0-4F37-AC4A-165A8A1B313A}.Release|x86.ActiveCfg = Release|Any CPU
		{F907DE4E-A2A0-4F37-AC4A-165A8A1B313A}.Release|x86.Build.0 = Release|Any CPU
		{AF42E82E-B3A3-4C22-80E5-1A48200E2A22}.Debug|Any CPU.ActiveCfg = Debug|Any CPU
		{AF42E82E-B3A3-4C22-80E5-1A48200E2A22}.Debug|Any CPU.Build.0 = Debug|Any CPU
		{AF42E82E-B3A3-4C22-80E5-1A48200E2A22}.Debug|arm64.ActiveCfg = Debug|Any CPU
		{AF42E82E-B3A3-4C22-80E5-1A48200E2A22}.Debug|arm64.Build.0 = Debug|Any CPU
		{AF42E82E-B3A3-4C22-80E5-1A48200E2A22}.Debug|x64.ActiveCfg = Debug|Any CPU
		{AF42E82E-B3A3-4C22-80E5-1A48200E2A22}.Debug|x64.Build.0 = Debug|Any CPU
		{AF42E82E-B3A3-4C22-80E5-1A48200E2A22}.Debug|x86.ActiveCfg = Debug|Any CPU
		{AF42E82E-B3A3-4C22-80E5-1A48200E2A22}.Debug|x86.Build.0 = Debug|Any CPU
		{AF42E82E-B3A3-4C22-80E5-1A48200E2A22}.Release|Any CPU.ActiveCfg = Release|Any CPU
		{AF42E82E-B3A3-4C22-80E5-1A48200E2A22}.Release|Any CPU.Build.0 = Release|Any CPU
		{AF42E82E-B3A3-4C22-80E5-1A48200E2A22}.Release|arm64.ActiveCfg = Release|Any CPU
		{AF42E82E-B3A3-4C22-80E5-1A48200E2A22}.Release|arm64.Build.0 = Release|Any CPU
		{AF42E82E-B3A3-4C22-80E5-1A48200E2A22}.Release|x64.ActiveCfg = Release|Any CPU
		{AF42E82E-B3A3-4C22-80E5-1A48200E2A22}.Release|x64.Build.0 = Release|Any CPU
		{AF42E82E-B3A3-4C22-80E5-1A48200E2A22}.Release|x86.ActiveCfg = Release|Any CPU
		{AF42E82E-B3A3-4C22-80E5-1A48200E2A22}.Release|x86.Build.0 = Release|Any CPU
		{9779DD3F-90C9-46E1-BF99-EDFB2EFA5148}.Debug|Any CPU.ActiveCfg = Debug|Any CPU
		{9779DD3F-90C9-46E1-BF99-EDFB2EFA5148}.Debug|Any CPU.Build.0 = Debug|Any CPU
		{9779DD3F-90C9-46E1-BF99-EDFB2EFA5148}.Debug|arm64.ActiveCfg = Debug|Any CPU
		{9779DD3F-90C9-46E1-BF99-EDFB2EFA5148}.Debug|arm64.Build.0 = Debug|Any CPU
		{9779DD3F-90C9-46E1-BF99-EDFB2EFA5148}.Debug|x64.ActiveCfg = Debug|Any CPU
		{9779DD3F-90C9-46E1-BF99-EDFB2EFA5148}.Debug|x64.Build.0 = Debug|Any CPU
		{9779DD3F-90C9-46E1-BF99-EDFB2EFA5148}.Debug|x86.ActiveCfg = Debug|Any CPU
		{9779DD3F-90C9-46E1-BF99-EDFB2EFA5148}.Debug|x86.Build.0 = Debug|Any CPU
		{9779DD3F-90C9-46E1-BF99-EDFB2EFA5148}.Release|Any CPU.ActiveCfg = Release|Any CPU
		{9779DD3F-90C9-46E1-BF99-EDFB2EFA5148}.Release|Any CPU.Build.0 = Release|Any CPU
		{9779DD3F-90C9-46E1-BF99-EDFB2EFA5148}.Release|arm64.ActiveCfg = Release|Any CPU
		{9779DD3F-90C9-46E1-BF99-EDFB2EFA5148}.Release|arm64.Build.0 = Release|Any CPU
		{9779DD3F-90C9-46E1-BF99-EDFB2EFA5148}.Release|x64.ActiveCfg = Release|Any CPU
		{9779DD3F-90C9-46E1-BF99-EDFB2EFA5148}.Release|x64.Build.0 = Release|Any CPU
		{9779DD3F-90C9-46E1-BF99-EDFB2EFA5148}.Release|x86.ActiveCfg = Release|Any CPU
		{9779DD3F-90C9-46E1-BF99-EDFB2EFA5148}.Release|x86.Build.0 = Release|Any CPU
		{76206203-FA6C-4301-9008-4F918BA246B4}.Debug|Any CPU.ActiveCfg = Debug|x64
		{76206203-FA6C-4301-9008-4F918BA246B4}.Debug|Any CPU.Build.0 = Debug|x64
		{76206203-FA6C-4301-9008-4F918BA246B4}.Debug|Any CPU.Deploy.0 = Debug|x64
		{76206203-FA6C-4301-9008-4F918BA246B4}.Debug|arm64.ActiveCfg = Debug|arm64
		{76206203-FA6C-4301-9008-4F918BA246B4}.Debug|arm64.Build.0 = Debug|arm64
		{76206203-FA6C-4301-9008-4F918BA246B4}.Debug|arm64.Deploy.0 = Debug|arm64
		{76206203-FA6C-4301-9008-4F918BA246B4}.Debug|x64.ActiveCfg = Debug|x64
		{76206203-FA6C-4301-9008-4F918BA246B4}.Debug|x64.Build.0 = Debug|x64
		{76206203-FA6C-4301-9008-4F918BA246B4}.Debug|x64.Deploy.0 = Debug|x64
		{76206203-FA6C-4301-9008-4F918BA246B4}.Debug|x86.ActiveCfg = Debug|x86
		{76206203-FA6C-4301-9008-4F918BA246B4}.Debug|x86.Build.0 = Debug|x86
		{76206203-FA6C-4301-9008-4F918BA246B4}.Debug|x86.Deploy.0 = Debug|x86
		{76206203-FA6C-4301-9008-4F918BA246B4}.Release|Any CPU.ActiveCfg = Release|x64
		{76206203-FA6C-4301-9008-4F918BA246B4}.Release|Any CPU.Build.0 = Release|x64
		{76206203-FA6C-4301-9008-4F918BA246B4}.Release|Any CPU.Deploy.0 = Release|x64
		{76206203-FA6C-4301-9008-4F918BA246B4}.Release|arm64.ActiveCfg = Release|arm64
		{76206203-FA6C-4301-9008-4F918BA246B4}.Release|arm64.Build.0 = Release|arm64
		{76206203-FA6C-4301-9008-4F918BA246B4}.Release|arm64.Deploy.0 = Release|arm64
		{76206203-FA6C-4301-9008-4F918BA246B4}.Release|x64.ActiveCfg = Release|x64
		{76206203-FA6C-4301-9008-4F918BA246B4}.Release|x64.Build.0 = Release|x64
		{76206203-FA6C-4301-9008-4F918BA246B4}.Release|x64.Deploy.0 = Release|x64
		{76206203-FA6C-4301-9008-4F918BA246B4}.Release|x86.ActiveCfg = Release|x86
		{76206203-FA6C-4301-9008-4F918BA246B4}.Release|x86.Build.0 = Release|x86
		{76206203-FA6C-4301-9008-4F918BA246B4}.Release|x86.Deploy.0 = Release|x86
		{D19BDC6F-6615-401B-ACEA-5FEAC48D2434}.Debug|Any CPU.ActiveCfg = Debug|x64
		{D19BDC6F-6615-401B-ACEA-5FEAC48D2434}.Debug|Any CPU.Build.0 = Debug|x64
		{D19BDC6F-6615-401B-ACEA-5FEAC48D2434}.Debug|arm64.ActiveCfg = Debug|arm64
		{D19BDC6F-6615-401B-ACEA-5FEAC48D2434}.Debug|arm64.Build.0 = Debug|arm64
		{D19BDC6F-6615-401B-ACEA-5FEAC48D2434}.Debug|x64.ActiveCfg = Debug|x64
		{D19BDC6F-6615-401B-ACEA-5FEAC48D2434}.Debug|x64.Build.0 = Debug|x64
		{D19BDC6F-6615-401B-ACEA-5FEAC48D2434}.Debug|x86.ActiveCfg = Debug|x86
		{D19BDC6F-6615-401B-ACEA-5FEAC48D2434}.Debug|x86.Build.0 = Debug|x86
		{D19BDC6F-6615-401B-ACEA-5FEAC48D2434}.Release|Any CPU.ActiveCfg = Release|x64
		{D19BDC6F-6615-401B-ACEA-5FEAC48D2434}.Release|Any CPU.Build.0 = Release|x64
		{D19BDC6F-6615-401B-ACEA-5FEAC48D2434}.Release|arm64.ActiveCfg = Release|arm64
		{D19BDC6F-6615-401B-ACEA-5FEAC48D2434}.Release|arm64.Build.0 = Release|arm64
		{D19BDC6F-6615-401B-ACEA-5FEAC48D2434}.Release|x64.ActiveCfg = Release|x64
		{D19BDC6F-6615-401B-ACEA-5FEAC48D2434}.Release|x64.Build.0 = Release|x64
		{D19BDC6F-6615-401B-ACEA-5FEAC48D2434}.Release|x86.ActiveCfg = Release|x86
		{D19BDC6F-6615-401B-ACEA-5FEAC48D2434}.Release|x86.Build.0 = Release|x86
	EndGlobalSection
	GlobalSection(SolutionProperties) = preSolution
		HideSolutionNode = FALSE
	EndGlobalSection
	GlobalSection(NestedProjects) = preSolution
		{76206203-FA6C-4301-9008-4F918BA246B4} = {A5FD4119-4141-4BD7-B665-850F93CF8F98}
		{D19BDC6F-6615-401B-ACEA-5FEAC48D2434} = {A5FD4119-4141-4BD7-B665-850F93CF8F98}
	EndGlobalSection
	GlobalSection(ExtensibilityGlobals) = postSolution
		SolutionGuid = {693E5C08-2F62-4D48-9D72-486D91C04F39}
	EndGlobalSection
EndGlobal
